<?xml version="1.0" encoding="UTF-8" standalone="yes" ?>
<CodeBlocks_project_file>
	<FileVersion major="1" minor="6" />
	<Project>
		<Option title="antsim" />
		<Option pch_mode="2" />
		<Option compiler="gcc" />
		<Build>
			<Target title="Debug">
				<Option output="bin/Debug/antsim" prefix_auto="1" extension_auto="1" />
				<Option object_output="obj/Debug/" />
				<Option type="1" />
				<Option compiler="gcc" />
				<Compiler>
					<Add option="-std=c++0x" />
					<Add option="-g" />
				</Compiler>
				<Linker>
					<Add option="-lSDL2" />
					<Add option="-lGLEW" />
					<Add option="-lGL" />
					<Add option="-lSOIL" />
				</Linker>
			</Target>
			<Target title="Release">
				<Option output="bin/Release/antsim" prefix_auto="1" extension_auto="1" />
				<Option object_output="obj/Release/" />
				<Option type="1" />
				<Option compiler="gcc" />
				<Compiler>
					<Add option="-O2" />
				</Compiler>
				<Linker>
					<Add option="-s" />
				</Linker>
			</Target>
		</Build>
		<Compiler>
			<Add option="-Wall" />
		</Compiler>
		<Unit filename="Ant.cpp" />
		<Unit filename="Ant.h" />
		<Unit filename="AntSim.cpp" />
		<Unit filename="AntSim.h" />
		<Unit filename="Controller.cpp" />
		<Unit filename="Controller.h" />
		<Unit filename="EdgeArray.cpp" />
		<Unit filename="EdgeArray.h" />
		<Unit filename="EnvironmentBehaviour.cpp" />
		<Unit filename="EnvironmentBehaviour.h" />
		<Unit filename="Map.cpp" />
		<Unit filename="Map.h" />
		<Unit filename="MoveBehaviour.cpp" />
		<Unit filename="MoveBehaviour.h" />
		<Unit filename="Node.cpp" />
		<Unit filename="Node.h" />
		<Unit filename="PheromoneBehaviour.cpp" />
		<Unit filename="PheromoneBehaviour.h" />
		<Unit filename="Renderable.cpp" />
		<Unit filename="Renderable.h" />
		<Unit filename="antsimshader.fs" />
		<Unit filename="antsimshader.vs" />
		<Unit filename="behaviours/environment/EnvironmentAntSystem.cpp" />
		<Unit filename="behaviours/environment/EnvironmentAntSystem.h" />
		<Unit filename="behaviours/environment/EnvironmentMaxMinAS.cpp" />
		<Unit filename="behaviours/environment/EnvironmentMaxMinAS.h" />
		<Unit filename="behaviours/move/MoveAntSystem.cpp" />
		<Unit filename="behaviours/move/MoveAntSystem.h" />
		<Unit filename="behaviours/pheromone/PheromoneAntSystem.cpp" />
		<Unit filename="behaviours/pheromone/PheromoneAntSystem.h" />
		<Unit filename="behaviours/pheromone/PheromoneMaxMinAS.cpp" />
		<Unit filename="behaviours/pheromone/PheromoneMaxMinAS.h" />
		<Extensions>
			<code_completion />
			<debugger />
		</Extensions>
	</Project>
</CodeBlocks_project_file>
